// !$*UTF8*$!
{
	archiveVersion = 1;
	classes = {
	};
	objectVersion = 46;
	objects = {

/* Begin PBXBuildFile section */
		54F2D3061C7D1A2E008D4094 /* MyStorybookDatabase.swift in Sources */ = {isa = PBXBuildFile; fileRef = 54F2D3051C7D1A2E008D4094 /* MyStorybookDatabase.swift */; };
		5B14CC9D1C7A77CD00B8FA0B /* BookshelfCollectionViewCell.swift in Sources */ = {isa = PBXBuildFile; fileRef = 5B14CC9C1C7A77CD00B8FA0B /* BookshelfCollectionViewCell.swift */; };
		5B14CC9F1C7A790600B8FA0B /* BookshelfCollectionViewController.swift in Sources */ = {isa = PBXBuildFile; fileRef = 5B14CC9E1C7A790600B8FA0B /* BookshelfCollectionViewController.swift */; };
		5B14CCA11C7A7B9900B8FA0B /* red-book-hi.png in Resources */ = {isa = PBXBuildFile; fileRef = 5B14CCA01C7A7B9900B8FA0B /* red-book-hi.png */; };
		5B14CCA71C7A997C00B8FA0B /* file-folder-md.png in Resources */ = {isa = PBXBuildFile; fileRef = 5B14CCA61C7A997C00B8FA0B /* file-folder-md.png */; };
		5B14CCAD1C7BDBDB00B8FA0B /* red-book-open.png in Resources */ = {isa = PBXBuildFile; fileRef = 5B14CCAC1C7BDBDB00B8FA0B /* red-book-open.png */; };
		5B29FBF51C9CA6B40042C64C /* EditEmojiViewController.swift in Sources */ = {isa = PBXBuildFile; fileRef = 5B29FBF41C9CA6B40042C64C /* EditEmojiViewController.swift */; };
		5B29FBF71C9CA6D60042C64C /* EditFrameViewController.swift in Sources */ = {isa = PBXBuildFile; fileRef = 5B29FBF61C9CA6D60042C64C /* EditFrameViewController.swift */; };
		5B29FBF91C9CA6E90042C64C /* EditFilterViewController.swift in Sources */ = {isa = PBXBuildFile; fileRef = 5B29FBF81C9CA6E90042C64C /* EditFilterViewController.swift */; };
		5B29FBFB1C9CA9030042C64C /* EditEmojiCollectionViewCell.swift in Sources */ = {isa = PBXBuildFile; fileRef = 5B29FBFA1C9CA9030042C64C /* EditEmojiCollectionViewCell.swift */; };
		5B29FBFD1C9CA91A0042C64C /* EditFrameCollectionViewCell.swift in Sources */ = {isa = PBXBuildFile; fileRef = 5B29FBFC1C9CA91A0042C64C /* EditFrameCollectionViewCell.swift */; };
		5B29FBFF1C9CA92D0042C64C /* EditFilterCollectionViewCell.swift in Sources */ = {isa = PBXBuildFile; fileRef = 5B29FBFE1C9CA92D0042C64C /* EditFilterCollectionViewCell.swift */; };
		5B5B17DE1C96052700FF9106 /* AddCollectionViewCell.swift in Sources */ = {isa = PBXBuildFile; fileRef = 5B5B17DD1C96052700FF9106 /* AddCollectionViewCell.swift */; };
		5B5B17E01C960C4600FF9106 /* CameraCollectionViewCell.swift in Sources */ = {isa = PBXBuildFile; fileRef = 5B5B17DF1C960C4600FF9106 /* CameraCollectionViewCell.swift */; };
		5B5B17E21C9610EC00FF9106 /* Camera.png in Resources */ = {isa = PBXBuildFile; fileRef = 5B5B17E11C9610EC00FF9106 /* Camera.png */; };
		5BE6EBCE1C9A32DD00CBE7BC /* EditViewController.swift in Sources */ = {isa = PBXBuildFile; fileRef = 5BE6EBCD1C9A32DD00CBE7BC /* EditViewController.swift */; };
		5BE6EBD01C9A704000CBE7BC /* EditSelectViewController.swift in Sources */ = {isa = PBXBuildFile; fileRef = 5BE6EBCF1C9A704000CBE7BC /* EditSelectViewController.swift */; };
		5BF4D2BB1C977FEA008080A3 /* EditCollectionViewCell.swift in Sources */ = {isa = PBXBuildFile; fileRef = 5BF4D2BA1C977FEA008080A3 /* EditCollectionViewCell.swift */; };
		8908690B1C7C056B0099C92E /* CameraControlViewController.swift in Sources */ = {isa = PBXBuildFile; fileRef = 8908690A1C7C056B0099C92E /* CameraControlViewController.swift */; };
		8948F4DF1CA0867700F0082E /* emoji.swift in Sources */ = {isa = PBXBuildFile; fileRef = 8948F4DE1CA0867700F0082E /* emoji.swift */; };
		8948F4E61CA0AF3C00F0082E /* book_00b300.png in Resources */ = {isa = PBXBuildFile; fileRef = 8948F4E01CA0AF3C00F0082E /* book_00b300.png */; };
		8948F4E71CA0AF3C00F0082E /* book_00ffff.png in Resources */ = {isa = PBXBuildFile; fileRef = 8948F4E11CA0AF3C00F0082E /* book_00ffff.png */; };
		8948F4E81CA0AF3C00F0082E /* book_0041BF.png in Resources */ = {isa = PBXBuildFile; fileRef = 8948F4E21CA0AF3C00F0082E /* book_0041BF.png */; };
		8948F4E91CA0AF3C00F0082E /* book_ff1a1a.png in Resources */ = {isa = PBXBuildFile; fileRef = 8948F4E31CA0AF3C00F0082E /* book_ff1a1a.png */; };
		8948F4EA1CA0AF3C00F0082E /* book_ff9900.png in Resources */ = {isa = PBXBuildFile; fileRef = 8948F4E41CA0AF3C00F0082E /* book_ff9900.png */; };
		8948F4EB1CA0AF3C00F0082E /* book_ffff00.png in Resources */ = {isa = PBXBuildFile; fileRef = 8948F4E51CA0AF3C00F0082E /* book_ffff00.png */; };
		8948F4EF1CA0B8C600F0082E /* BookshelfViewController.swift in Sources */ = {isa = PBXBuildFile; fileRef = 8948F4EE1CA0B8C600F0082E /* BookshelfViewController.swift */; };
		894CC3121C7A7FC40004BD8B /* HttpHelpers.swift in Sources */ = {isa = PBXBuildFile; fileRef = 894CC3111C7A7FC40004BD8B /* HttpHelpers.swift */; };
		895FE84A1C7B83C8006ADB29 /* CameraRollCollectionViewCell.swift in Sources */ = {isa = PBXBuildFile; fileRef = 89E9F5481C7B639A00C812F2 /* CameraRollCollectionViewCell.swift */; };
		895FE84B1C7B83CB006ADB29 /* CameraRollCollectionViewController.swift in Sources */ = {isa = PBXBuildFile; fileRef = 894CC30D1C7A77AE0004BD8B /* CameraRollCollectionViewController.swift */; };
		895FE84E1C7BC8C0006ADB29 /* PreStory.swift in Sources */ = {isa = PBXBuildFile; fileRef = 895FE84D1C7BC8C0006ADB29 /* PreStory.swift */; };
		89606B4E1C970688009743D3 /* Icons.xcassets in Resources */ = {isa = PBXBuildFile; fileRef = 89606B4D1C970688009743D3 /* Icons.xcassets */; };
		89606B521C985BC1009743D3 /* CameraRollViewController.swift in Sources */ = {isa = PBXBuildFile; fileRef = 89606B511C985BC1009743D3 /* CameraRollViewController.swift */; };
		89606B541C986197009743D3 /* PhotoSelectCollectionViewController.swift in Sources */ = {isa = PBXBuildFile; fileRef = 89606B531C986197009743D3 /* PhotoSelectCollectionViewController.swift */; };
		89606B561C98629B009743D3 /* PhotoCell.swift in Sources */ = {isa = PBXBuildFile; fileRef = 89606B551C98629B009743D3 /* PhotoCell.swift */; };
		8970B1301C7CCCBB005A69F0 /* default.jpg in Resources */ = {isa = PBXBuildFile; fileRef = 8970B12F1C7CCCBB005A69F0 /* default.jpg */; };
		89C8FCCF1C99FB4B00534CF6 /* PhotoSelectViewController.swift in Sources */ = {isa = PBXBuildFile; fileRef = 89C8FCCE1C99FB4B00534CF6 /* PhotoSelectViewController.swift */; };
		89E9F5471C7AA97D00C812F2 /* SwiftyJSON.swift in Sources */ = {isa = PBXBuildFile; fileRef = 89E9F5461C7AA97D00C812F2 /* SwiftyJSON.swift */; };
		89F2C1A21CBC89C6008FE55D /* CameraRollHeader.swift in Sources */ = {isa = PBXBuildFile; fileRef = 89F2C1A11CBC89C6008FE55D /* CameraRollHeader.swift */; };
		89F2C1AA1CBD5296008FE55D /* addbook.png in Resources */ = {isa = PBXBuildFile; fileRef = 89F2C1A91CBD5296008FE55D /* addbook.png */; };
		B202C2A61CA0A847008615A4 /* EmailFavoriteCollectionViewCell.swift in Sources */ = {isa = PBXBuildFile; fileRef = B202C2A51CA0A847008615A4 /* EmailFavoriteCollectionViewCell.swift */; };
		B202C2A81CA0B23A008615A4 /* MailComposer.swift in Sources */ = {isa = PBXBuildFile; fileRef = B202C2A71CA0B23A008615A4 /* MailComposer.swift */; };
		B23766871CBB5DD3004D5BFB /* PageRenderer.swift in Sources */ = {isa = PBXBuildFile; fileRef = B23766861CBB5DD3004D5BFB /* PageRenderer.swift */; };
		B2522CEF1C9268190013E55C /* StoryViewerCoverViewController.swift in Sources */ = {isa = PBXBuildFile; fileRef = B2522CEE1C9268190013E55C /* StoryViewerCoverViewController.swift */; };
		B2522CF11C92685F0013E55C /* StoryViewerPhotoPageViewController.swift in Sources */ = {isa = PBXBuildFile; fileRef = B2522CF01C92685F0013E55C /* StoryViewerPhotoPageViewController.swift */; };
		B2522CF31C9268A40013E55C /* UIPageViewControllerExtensions.swift in Sources */ = {isa = PBXBuildFile; fileRef = B2522CF21C9268A40013E55C /* UIPageViewControllerExtensions.swift */; };
		B262EAC61C761C8A001008AD /* AppDelegate.swift in Sources */ = {isa = PBXBuildFile; fileRef = B262EAC51C761C8A001008AD /* AppDelegate.swift */; };
		B262EACB1C761C8A001008AD /* Main.storyboard in Resources */ = {isa = PBXBuildFile; fileRef = B262EAC91C761C8A001008AD /* Main.storyboard */; };
		B262EACD1C761C8A001008AD /* Assets.xcassets in Resources */ = {isa = PBXBuildFile; fileRef = B262EACC1C761C8A001008AD /* Assets.xcassets */; };
		B262EAD01C761C8A001008AD /* LaunchScreen.storyboard in Resources */ = {isa = PBXBuildFile; fileRef = B262EACE1C761C8A001008AD /* LaunchScreen.storyboard */; };
		B262EADB1C761C8A001008AD /* MyStorybookTests.swift in Sources */ = {isa = PBXBuildFile; fileRef = B262EADA1C761C8A001008AD /* MyStorybookTests.swift */; };
		B262EAE61C761C8A001008AD /* MyStorybookUITests.swift in Sources */ = {isa = PBXBuildFile; fileRef = B262EAE51C761C8A001008AD /* MyStorybookUITests.swift */; };
		B272D6951C7D1C0800C12226 /* FMDatabase.m in Sources */ = {isa = PBXBuildFile; fileRef = 549A9C681C7A8C5700F27ED0 /* FMDatabase.m */; };
		B272D6961C7D1C0D00C12226 /* FMResultSet.m in Sources */ = {isa = PBXBuildFile; fileRef = 549A9C6A1C7A8C5700F27ED0 /* FMResultSet.m */; };
		B272D6971C7D1C1000C12226 /* FMDatabaseQueue.m in Sources */ = {isa = PBXBuildFile; fileRef = 549A9C6C1C7A8C5700F27ED0 /* FMDatabaseQueue.m */; };
		B272D6981C7D1C3200C12226 /* FMDatabaseAdditions.m in Sources */ = {isa = PBXBuildFile; fileRef = 549A9C6E1C7A8C5700F27ED0 /* FMDatabaseAdditions.m */; };
		B272D6991C7D1C3600C12226 /* FMDatabasePool.m in Sources */ = {isa = PBXBuildFile; fileRef = 549A9C701C7A8C5700F27ED0 /* FMDatabasePool.m */; };
		B272D69B1C7D1C4400C12226 /* libsqlite3.tbd in Frameworks */ = {isa = PBXBuildFile; fileRef = B272D69A1C7D1C4400C12226 /* libsqlite3.tbd */; };
		B2B337591C7CDD8E00C663A4 /* CoverPhotos.xcassets in Resources */ = {isa = PBXBuildFile; fileRef = B2B337581C7CDD8E00C663A4 /* CoverPhotos.xcassets */; };
		B2B337601C7CF7B700C663A4 /* ViewExtensions.swift in Sources */ = {isa = PBXBuildFile; fileRef = B2B3375F1C7CF7B700C663A4 /* ViewExtensions.swift */; };
		B2B337621C7CF87E00C663A4 /* CoverPhotos.swift in Sources */ = {isa = PBXBuildFile; fileRef = B2B337611C7CF87E00C663A4 /* CoverPhotos.swift */; };
		B2BA3C561C761ECA00D7342D /* Database.swift in Sources */ = {isa = PBXBuildFile; fileRef = B2BA3C551C761ECA00D7342D /* Database.swift */; };
		B2BA3C581C761EEC00D7342D /* Page.swift in Sources */ = {isa = PBXBuildFile; fileRef = B2BA3C571C761EEC00D7342D /* Page.swift */; };
		B2BA3C5A1C761F3E00D7342D /* Story.swift in Sources */ = {isa = PBXBuildFile; fileRef = B2BA3C591C761F3E00D7342D /* Story.swift */; };
		B2BA3C5C1C76215200D7342D /* App.swift in Sources */ = {isa = PBXBuildFile; fileRef = B2BA3C5B1C76215200D7342D /* App.swift */; };
		B2BA3C5E1C76219A00D7342D /* DumbMockDatabase.swift in Sources */ = {isa = PBXBuildFile; fileRef = B2BA3C5D1C76219A00D7342D /* DumbMockDatabase.swift */; };
		B2E93F5F1C7A782B00A5C80E /* StoryViewerViewController.swift in Sources */ = {isa = PBXBuildFile; fileRef = B2E93F5E1C7A782B00A5C80E /* StoryViewerViewController.swift */; };
		B2E93F611C7A785300A5C80E /* StoryViewer.storyboard in Resources */ = {isa = PBXBuildFile; fileRef = B2E93F601C7A785300A5C80E /* StoryViewer.storyboard */; };
		B2FA517E1CA08BBC00EBA397 /* Sharing.storyboard in Resources */ = {isa = PBXBuildFile; fileRef = B2FA517D1CA08BBC00EBA397 /* Sharing.storyboard */; };
		B2FA51801CA08C3700EBA397 /* EmailFavoritesViewController.swift in Sources */ = {isa = PBXBuildFile; fileRef = B2FA517F1CA08C3700EBA397 /* EmailFavoritesViewController.swift */; };
/* End PBXBuildFile section */

/* Begin PBXContainerItemProxy section */
		B262EAD71C761C8A001008AD /* PBXContainerItemProxy */ = {
			isa = PBXContainerItemProxy;
			containerPortal = B262EABA1C761C8A001008AD /* Project object */;
			proxyType = 1;
			remoteGlobalIDString = B262EAC11C761C8A001008AD;
			remoteInfo = MyStorybook;
		};
		B262EAE21C761C8A001008AD /* PBXContainerItemProxy */ = {
			isa = PBXContainerItemProxy;
			containerPortal = B262EABA1C761C8A001008AD /* Project object */;
			proxyType = 1;
			remoteGlobalIDString = B262EAC11C761C8A001008AD;
			remoteInfo = MyStorybook;
		};
/* End PBXContainerItemProxy section */

/* Begin PBXFileReference section */
		549A9C651C7A8C5600F27ED0 /* MyStorybook-Bridging-Header.h */ = {isa = PBXFileReference; lastKnownFileType = sourcecode.c.h; path = "MyStorybook-Bridging-Header.h"; sourceTree = "<group>"; };
		549A9C661C7A8C5700F27ED0 /* FMDB.h */ = {isa = PBXFileReference; fileEncoding = 4; lastKnownFileType = sourcecode.c.h; name = FMDB.h; path = "Third Party/fmdb/FMDB.h"; sourceTree = "<group>"; };
		549A9C671C7A8C5700F27ED0 /* FMDatabase.h */ = {isa = PBXFileReference; fileEncoding = 4; lastKnownFileType = sourcecode.c.h; name = FMDatabase.h; path = "Third Party/fmdb/FMDatabase.h"; sourceTree = "<group>"; };
		549A9C681C7A8C5700F27ED0 /* FMDatabase.m */ = {isa = PBXFileReference; fileEncoding = 4; lastKnownFileType = sourcecode.c.objc; name = FMDatabase.m; path = "Third Party/fmdb/FMDatabase.m"; sourceTree = "<group>"; };
		549A9C691C7A8C5700F27ED0 /* FMResultSet.h */ = {isa = PBXFileReference; fileEncoding = 4; lastKnownFileType = sourcecode.c.h; name = FMResultSet.h; path = "Third Party/fmdb/FMResultSet.h"; sourceTree = "<group>"; };
		549A9C6A1C7A8C5700F27ED0 /* FMResultSet.m */ = {isa = PBXFileReference; fileEncoding = 4; lastKnownFileType = sourcecode.c.objc; name = FMResultSet.m; path = "Third Party/fmdb/FMResultSet.m"; sourceTree = "<group>"; };
		549A9C6B1C7A8C5700F27ED0 /* FMDatabaseQueue.h */ = {isa = PBXFileReference; fileEncoding = 4; lastKnownFileType = sourcecode.c.h; name = FMDatabaseQueue.h; path = "Third Party/fmdb/FMDatabaseQueue.h"; sourceTree = "<group>"; };
		549A9C6C1C7A8C5700F27ED0 /* FMDatabaseQueue.m */ = {isa = PBXFileReference; fileEncoding = 4; lastKnownFileType = sourcecode.c.objc; name = FMDatabaseQueue.m; path = "Third Party/fmdb/FMDatabaseQueue.m"; sourceTree = "<group>"; };
		549A9C6D1C7A8C5700F27ED0 /* FMDatabaseAdditions.h */ = {isa = PBXFileReference; fileEncoding = 4; lastKnownFileType = sourcecode.c.h; name = FMDatabaseAdditions.h; path = "Third Party/fmdb/FMDatabaseAdditions.h"; sourceTree = "<group>"; };
		549A9C6E1C7A8C5700F27ED0 /* FMDatabaseAdditions.m */ = {isa = PBXFileReference; fileEncoding = 4; lastKnownFileType = sourcecode.c.objc; name = FMDatabaseAdditions.m; path = "Third Party/fmdb/FMDatabaseAdditions.m"; sourceTree = "<group>"; };
		549A9C6F1C7A8C5700F27ED0 /* FMDatabasePool.h */ = {isa = PBXFileReference; fileEncoding = 4; lastKnownFileType = sourcecode.c.h; name = FMDatabasePool.h; path = "Third Party/fmdb/FMDatabasePool.h"; sourceTree = "<group>"; };
		549A9C701C7A8C5700F27ED0 /* FMDatabasePool.m */ = {isa = PBXFileReference; fileEncoding = 4; lastKnownFileType = sourcecode.c.objc; name = FMDatabasePool.m; path = "Third Party/fmdb/FMDatabasePool.m"; sourceTree = "<group>"; };
		54F2D3051C7D1A2E008D4094 /* MyStorybookDatabase.swift */ = {isa = PBXFileReference; fileEncoding = 4; lastKnownFileType = sourcecode.swift; path = MyStorybookDatabase.swift; sourceTree = "<group>"; };
		5B14CC9C1C7A77CD00B8FA0B /* BookshelfCollectionViewCell.swift */ = {isa = PBXFileReference; fileEncoding = 4; lastKnownFileType = sourcecode.swift; path = BookshelfCollectionViewCell.swift; sourceTree = "<group>"; };
		5B14CC9E1C7A790600B8FA0B /* BookshelfCollectionViewController.swift */ = {isa = PBXFileReference; fileEncoding = 4; lastKnownFileType = sourcecode.swift; path = BookshelfCollectionViewController.swift; sourceTree = "<group>"; };
		5B14CCA01C7A7B9900B8FA0B /* red-book-hi.png */ = {isa = PBXFileReference; lastKnownFileType = image.png; path = "red-book-hi.png"; sourceTree = "<group>"; };
		5B14CCA61C7A997C00B8FA0B /* file-folder-md.png */ = {isa = PBXFileReference; lastKnownFileType = image.png; path = "file-folder-md.png"; sourceTree = "<group>"; };
		5B14CCAC1C7BDBDB00B8FA0B /* red-book-open.png */ = {isa = PBXFileReference; lastKnownFileType = image.png; path = "red-book-open.png"; sourceTree = "<group>"; };
		5B29FBF41C9CA6B40042C64C /* EditEmojiViewController.swift */ = {isa = PBXFileReference; fileEncoding = 4; lastKnownFileType = sourcecode.swift; path = EditEmojiViewController.swift; sourceTree = "<group>"; };
		5B29FBF61C9CA6D60042C64C /* EditFrameViewController.swift */ = {isa = PBXFileReference; fileEncoding = 4; lastKnownFileType = sourcecode.swift; path = EditFrameViewController.swift; sourceTree = "<group>"; };
		5B29FBF81C9CA6E90042C64C /* EditFilterViewController.swift */ = {isa = PBXFileReference; fileEncoding = 4; lastKnownFileType = sourcecode.swift; path = EditFilterViewController.swift; sourceTree = "<group>"; };
		5B29FBFA1C9CA9030042C64C /* EditEmojiCollectionViewCell.swift */ = {isa = PBXFileReference; fileEncoding = 4; lastKnownFileType = sourcecode.swift; path = EditEmojiCollectionViewCell.swift; sourceTree = "<group>"; };
		5B29FBFC1C9CA91A0042C64C /* EditFrameCollectionViewCell.swift */ = {isa = PBXFileReference; fileEncoding = 4; lastKnownFileType = sourcecode.swift; path = EditFrameCollectionViewCell.swift; sourceTree = "<group>"; };
		5B29FBFE1C9CA92D0042C64C /* EditFilterCollectionViewCell.swift */ = {isa = PBXFileReference; fileEncoding = 4; lastKnownFileType = sourcecode.swift; path = EditFilterCollectionViewCell.swift; sourceTree = "<group>"; };
		5B5B17DD1C96052700FF9106 /* AddCollectionViewCell.swift */ = {isa = PBXFileReference; fileEncoding = 4; lastKnownFileType = sourcecode.swift; path = AddCollectionViewCell.swift; sourceTree = "<group>"; };
		5B5B17DF1C960C4600FF9106 /* CameraCollectionViewCell.swift */ = {isa = PBXFileReference; fileEncoding = 4; lastKnownFileType = sourcecode.swift; path = CameraCollectionViewCell.swift; sourceTree = "<group>"; };
		5B5B17E11C9610EC00FF9106 /* Camera.png */ = {isa = PBXFileReference; lastKnownFileType = image.png; path = Camera.png; sourceTree = "<group>"; };
		5BE6EBCD1C9A32DD00CBE7BC /* EditViewController.swift */ = {isa = PBXFileReference; fileEncoding = 4; lastKnownFileType = sourcecode.swift; path = EditViewController.swift; sourceTree = "<group>"; };
		5BE6EBCF1C9A704000CBE7BC /* EditSelectViewController.swift */ = {isa = PBXFileReference; fileEncoding = 4; lastKnownFileType = sourcecode.swift; path = EditSelectViewController.swift; sourceTree = "<group>"; };
		5BF4D2BA1C977FEA008080A3 /* EditCollectionViewCell.swift */ = {isa = PBXFileReference; fileEncoding = 4; lastKnownFileType = sourcecode.swift; path = EditCollectionViewCell.swift; sourceTree = "<group>"; };
		8908690A1C7C056B0099C92E /* CameraControlViewController.swift */ = {isa = PBXFileReference; fileEncoding = 4; lastKnownFileType = sourcecode.swift; path = CameraControlViewController.swift; sourceTree = "<group>"; };
		8948F4DE1CA0867700F0082E /* emoji.swift */ = {isa = PBXFileReference; fileEncoding = 4; lastKnownFileType = sourcecode.swift; path = emoji.swift; sourceTree = "<group>"; };
		8948F4E01CA0AF3C00F0082E /* book_00b300.png */ = {isa = PBXFileReference; lastKnownFileType = image.png; path = book_00b300.png; sourceTree = "<group>"; };
		8948F4E11CA0AF3C00F0082E /* book_00ffff.png */ = {isa = PBXFileReference; lastKnownFileType = image.png; path = book_00ffff.png; sourceTree = "<group>"; };
		8948F4E21CA0AF3C00F0082E /* book_0041BF.png */ = {isa = PBXFileReference; lastKnownFileType = image.png; path = book_0041BF.png; sourceTree = "<group>"; };
		8948F4E31CA0AF3C00F0082E /* book_ff1a1a.png */ = {isa = PBXFileReference; lastKnownFileType = image.png; path = book_ff1a1a.png; sourceTree = "<group>"; };
		8948F4E41CA0AF3C00F0082E /* book_ff9900.png */ = {isa = PBXFileReference; lastKnownFileType = image.png; path = book_ff9900.png; sourceTree = "<group>"; };
		8948F4E51CA0AF3C00F0082E /* book_ffff00.png */ = {isa = PBXFileReference; lastKnownFileType = image.png; path = book_ffff00.png; sourceTree = "<group>"; };
		8948F4EE1CA0B8C600F0082E /* BookshelfViewController.swift */ = {isa = PBXFileReference; fileEncoding = 4; lastKnownFileType = sourcecode.swift; path = BookshelfViewController.swift; sourceTree = "<group>"; };
		894CC30D1C7A77AE0004BD8B /* CameraRollCollectionViewController.swift */ = {isa = PBXFileReference; fileEncoding = 4; lastKnownFileType = sourcecode.swift; path = CameraRollCollectionViewController.swift; sourceTree = "<group>"; };
		894CC3111C7A7FC40004BD8B /* HttpHelpers.swift */ = {isa = PBXFileReference; fileEncoding = 4; lastKnownFileType = sourcecode.swift; name = HttpHelpers.swift; path = MyStorybook/HttpHelpers.swift; sourceTree = "<group>"; };
		895FE84D1C7BC8C0006ADB29 /* PreStory.swift */ = {isa = PBXFileReference; fileEncoding = 4; lastKnownFileType = sourcecode.swift; name = PreStory.swift; path = ../PreStory.swift; sourceTree = "<group>"; };
		89606B4D1C970688009743D3 /* Icons.xcassets */ = {isa = PBXFileReference; lastKnownFileType = folder.assetcatalog; path = Icons.xcassets; sourceTree = "<group>"; };
		89606B511C985BC1009743D3 /* CameraRollViewController.swift */ = {isa = PBXFileReference; fileEncoding = 4; lastKnownFileType = sourcecode.swift; path = CameraRollViewController.swift; sourceTree = "<group>"; };
		89606B531C986197009743D3 /* PhotoSelectCollectionViewController.swift */ = {isa = PBXFileReference; fileEncoding = 4; lastKnownFileType = sourcecode.swift; path = PhotoSelectCollectionViewController.swift; sourceTree = "<group>"; };
		89606B551C98629B009743D3 /* PhotoCell.swift */ = {isa = PBXFileReference; fileEncoding = 4; lastKnownFileType = sourcecode.swift; path = PhotoCell.swift; sourceTree = "<group>"; };
		8970B12F1C7CCCBB005A69F0 /* default.jpg */ = {isa = PBXFileReference; lastKnownFileType = image.jpeg; path = default.jpg; sourceTree = "<group>"; };
		89C8FCCE1C99FB4B00534CF6 /* PhotoSelectViewController.swift */ = {isa = PBXFileReference; fileEncoding = 4; lastKnownFileType = sourcecode.swift; path = PhotoSelectViewController.swift; sourceTree = "<group>"; };
		89E9F5461C7AA97D00C812F2 /* SwiftyJSON.swift */ = {isa = PBXFileReference; fileEncoding = 4; lastKnownFileType = sourcecode.swift; name = SwiftyJSON.swift; path = MyStorybook/SwiftyJSON.swift; sourceTree = "<group>"; };
		89E9F5481C7B639A00C812F2 /* CameraRollCollectionViewCell.swift */ = {isa = PBXFileReference; fileEncoding = 4; lastKnownFileType = sourcecode.swift; path = CameraRollCollectionViewCell.swift; sourceTree = "<group>"; };
		89F2C1A11CBC89C6008FE55D /* CameraRollHeader.swift */ = {isa = PBXFileReference; fileEncoding = 4; lastKnownFileType = sourcecode.swift; path = CameraRollHeader.swift; sourceTree = "<group>"; };
		89F2C1A91CBD5296008FE55D /* addbook.png */ = {isa = PBXFileReference; lastKnownFileType = image.png; path = addbook.png; sourceTree = "<group>"; };
		B202C2A51CA0A847008615A4 /* EmailFavoriteCollectionViewCell.swift */ = {isa = PBXFileReference; fileEncoding = 4; lastKnownFileType = sourcecode.swift; path = EmailFavoriteCollectionViewCell.swift; sourceTree = "<group>"; };
		B202C2A71CA0B23A008615A4 /* MailComposer.swift */ = {isa = PBXFileReference; fileEncoding = 4; lastKnownFileType = sourcecode.swift; path = MailComposer.swift; sourceTree = "<group>"; };
		B23766861CBB5DD3004D5BFB /* PageRenderer.swift */ = {isa = PBXFileReference; fileEncoding = 4; lastKnownFileType = sourcecode.swift; name = PageRenderer.swift; path = Classes/PageRenderer.swift; sourceTree = "<group>"; };
		B2522CEE1C9268190013E55C /* StoryViewerCoverViewController.swift */ = {isa = PBXFileReference; fileEncoding = 4; lastKnownFileType = sourcecode.swift; path = StoryViewerCoverViewController.swift; sourceTree = "<group>"; };
		B2522CF01C92685F0013E55C /* StoryViewerPhotoPageViewController.swift */ = {isa = PBXFileReference; fileEncoding = 4; lastKnownFileType = sourcecode.swift; name = StoryViewerPhotoPageViewController.swift; path = ViewControllers/StoryViewerPhotoPageViewController.swift; sourceTree = "<group>"; };
		B2522CF21C9268A40013E55C /* UIPageViewControllerExtensions.swift */ = {isa = PBXFileReference; fileEncoding = 4; lastKnownFileType = sourcecode.swift; path = UIPageViewControllerExtensions.swift; sourceTree = "<group>"; };
		B262EAC21C761C8A001008AD /* MyStorybook.app */ = {isa = PBXFileReference; explicitFileType = wrapper.application; includeInIndex = 0; path = MyStorybook.app; sourceTree = BUILT_PRODUCTS_DIR; };
		B262EAC51C761C8A001008AD /* AppDelegate.swift */ = {isa = PBXFileReference; lastKnownFileType = sourcecode.swift; path = AppDelegate.swift; sourceTree = "<group>"; };
		B262EACA1C761C8A001008AD /* Base */ = {isa = PBXFileReference; lastKnownFileType = file.storyboard; name = Base; path = Base.lproj/Main.storyboard; sourceTree = "<group>"; };
		B262EACC1C761C8A001008AD /* Assets.xcassets */ = {isa = PBXFileReference; lastKnownFileType = folder.assetcatalog; path = Assets.xcassets; sourceTree = "<group>"; };
		B262EACF1C761C8A001008AD /* Base */ = {isa = PBXFileReference; lastKnownFileType = file.storyboard; name = Base; path = Base.lproj/LaunchScreen.storyboard; sourceTree = "<group>"; };
		B262EAD11C761C8A001008AD /* Info.plist */ = {isa = PBXFileReference; lastKnownFileType = text.plist.xml; path = Info.plist; sourceTree = "<group>"; };
		B262EAD61C761C8A001008AD /* MyStorybookTests.xctest */ = {isa = PBXFileReference; explicitFileType = wrapper.cfbundle; includeInIndex = 0; path = MyStorybookTests.xctest; sourceTree = BUILT_PRODUCTS_DIR; };
		B262EADA1C761C8A001008AD /* MyStorybookTests.swift */ = {isa = PBXFileReference; lastKnownFileType = sourcecode.swift; path = MyStorybookTests.swift; sourceTree = "<group>"; };
		B262EADC1C761C8A001008AD /* Info.plist */ = {isa = PBXFileReference; lastKnownFileType = text.plist.xml; path = Info.plist; sourceTree = "<group>"; };
		B262EAE11C761C8A001008AD /* MyStorybookUITests.xctest */ = {isa = PBXFileReference; explicitFileType = wrapper.cfbundle; includeInIndex = 0; path = MyStorybookUITests.xctest; sourceTree = BUILT_PRODUCTS_DIR; };
		B262EAE51C761C8A001008AD /* MyStorybookUITests.swift */ = {isa = PBXFileReference; lastKnownFileType = sourcecode.swift; path = MyStorybookUITests.swift; sourceTree = "<group>"; };
		B262EAE71C761C8A001008AD /* Info.plist */ = {isa = PBXFileReference; lastKnownFileType = text.plist.xml; path = Info.plist; sourceTree = "<group>"; };
		B272D69A1C7D1C4400C12226 /* libsqlite3.tbd */ = {isa = PBXFileReference; lastKnownFileType = "sourcecode.text-based-dylib-definition"; name = libsqlite3.tbd; path = usr/lib/libsqlite3.tbd; sourceTree = SDKROOT; };
		B2B337581C7CDD8E00C663A4 /* CoverPhotos.xcassets */ = {isa = PBXFileReference; lastKnownFileType = folder.assetcatalog; path = CoverPhotos.xcassets; sourceTree = "<group>"; };
		B2B3375F1C7CF7B700C663A4 /* ViewExtensions.swift */ = {isa = PBXFileReference; fileEncoding = 4; lastKnownFileType = sourcecode.swift; path = ViewExtensions.swift; sourceTree = "<group>"; };
		B2B337611C7CF87E00C663A4 /* CoverPhotos.swift */ = {isa = PBXFileReference; fileEncoding = 4; lastKnownFileType = sourcecode.swift; path = CoverPhotos.swift; sourceTree = "<group>"; };
		B2BA3C551C761ECA00D7342D /* Database.swift */ = {isa = PBXFileReference; fileEncoding = 4; lastKnownFileType = sourcecode.swift; path = Database.swift; sourceTree = "<group>"; };
		B2BA3C571C761EEC00D7342D /* Page.swift */ = {isa = PBXFileReference; fileEncoding = 4; lastKnownFileType = sourcecode.swift; path = Page.swift; sourceTree = "<group>"; };
		B2BA3C591C761F3E00D7342D /* Story.swift */ = {isa = PBXFileReference; fileEncoding = 4; lastKnownFileType = sourcecode.swift; path = Story.swift; sourceTree = "<group>"; };
		B2BA3C5B1C76215200D7342D /* App.swift */ = {isa = PBXFileReference; fileEncoding = 4; lastKnownFileType = sourcecode.swift; path = App.swift; sourceTree = "<group>"; };
		B2BA3C5D1C76219A00D7342D /* DumbMockDatabase.swift */ = {isa = PBXFileReference; fileEncoding = 4; lastKnownFileType = sourcecode.swift; path = DumbMockDatabase.swift; sourceTree = "<group>"; };
		B2E93F5E1C7A782B00A5C80E /* StoryViewerViewController.swift */ = {isa = PBXFileReference; fileEncoding = 4; lastKnownFileType = sourcecode.swift; name = StoryViewerViewController.swift; path = ViewControllers/StoryViewerViewController.swift; sourceTree = "<group>"; };
		B2E93F601C7A785300A5C80E /* StoryViewer.storyboard */ = {isa = PBXFileReference; fileEncoding = 4; lastKnownFileType = file.storyboard; path = StoryViewer.storyboard; sourceTree = "<group>"; };
		B2FA517D1CA08BBC00EBA397 /* Sharing.storyboard */ = {isa = PBXFileReference; fileEncoding = 4; lastKnownFileType = file.storyboard; path = Sharing.storyboard; sourceTree = "<group>"; };
		B2FA517F1CA08C3700EBA397 /* EmailFavoritesViewController.swift */ = {isa = PBXFileReference; fileEncoding = 4; lastKnownFileType = sourcecode.swift; path = EmailFavoritesViewController.swift; sourceTree = "<group>"; };
/* End PBXFileReference section */

/* Begin PBXFrameworksBuildPhase section */
		B262EABF1C761C8A001008AD /* Frameworks */ = {
			isa = PBXFrameworksBuildPhase;
			buildActionMask = 2147483647;
			files = (
				B272D69B1C7D1C4400C12226 /* libsqlite3.tbd in Frameworks */,
			);
			runOnlyForDeploymentPostprocessing = 0;
		};
		B262EAD31C761C8A001008AD /* Frameworks */ = {
			isa = PBXFrameworksBuildPhase;
			buildActionMask = 2147483647;
			files = (
			);
			runOnlyForDeploymentPostprocessing = 0;
		};
		B262EADE1C761C8A001008AD /* Frameworks */ = {
			isa = PBXFrameworksBuildPhase;
			buildActionMask = 2147483647;
			files = (
			);
			runOnlyForDeploymentPostprocessing = 0;
		};
/* End PBXFrameworksBuildPhase section */

/* Begin PBXGroup section */
		549A9C641C7A8BEF00F27ED0 /* Third Party */ = {
			isa = PBXGroup;
			children = (
				894CC3111C7A7FC40004BD8B /* HttpHelpers.swift */,
				89E9F5461C7AA97D00C812F2 /* SwiftyJSON.swift */,
				549A9C661C7A8C5700F27ED0 /* FMDB.h */,
				549A9C671C7A8C5700F27ED0 /* FMDatabase.h */,
				549A9C681C7A8C5700F27ED0 /* FMDatabase.m */,
				549A9C691C7A8C5700F27ED0 /* FMResultSet.h */,
				549A9C6A1C7A8C5700F27ED0 /* FMResultSet.m */,
				549A9C6B1C7A8C5700F27ED0 /* FMDatabaseQueue.h */,
				549A9C6C1C7A8C5700F27ED0 /* FMDatabaseQueue.m */,
				549A9C6D1C7A8C5700F27ED0 /* FMDatabaseAdditions.h */,
				549A9C6E1C7A8C5700F27ED0 /* FMDatabaseAdditions.m */,
				549A9C6F1C7A8C5700F27ED0 /* FMDatabasePool.h */,
				549A9C701C7A8C5700F27ED0 /* FMDatabasePool.m */,
				549A9C651C7A8C5600F27ED0 /* MyStorybook-Bridging-Header.h */,
			);
			name = "Third Party";
			path = ..;
			sourceTree = "<group>";
		};
		5BE6EBCC1C9A2E5700CBE7BC /* StoryEdit */ = {
			isa = PBXGroup;
			children = (
				5BE6EBCF1C9A704000CBE7BC /* EditSelectViewController.swift */,
				5BF4D2BA1C977FEA008080A3 /* EditCollectionViewCell.swift */,
				5BE6EBCD1C9A32DD00CBE7BC /* EditViewController.swift */,
				5B29FBF41C9CA6B40042C64C /* EditEmojiViewController.swift */,
				5B29FBF61C9CA6D60042C64C /* EditFrameViewController.swift */,
				5B29FBFC1C9CA91A0042C64C /* EditFrameCollectionViewCell.swift */,
				5B29FBFE1C9CA92D0042C64C /* EditFilterCollectionViewCell.swift */,
				5B29FBFA1C9CA9030042C64C /* EditEmojiCollectionViewCell.swift */,
				5B29FBF81C9CA6E90042C64C /* EditFilterViewController.swift */,
			);
			name = StoryEdit;
			sourceTree = "<group>";
		};
		890869091C7C05520099C92E /* CameraControl */ = {
			isa = PBXGroup;
			children = (
				8908690A1C7C056B0099C92E /* CameraControlViewController.swift */,
			);
			name = CameraControl;
			sourceTree = "<group>";
		};
		89E9F54A1C7B641200C812F2 /* Images */ = {
			isa = PBXGroup;
			children = (
				89F2C1A91CBD5296008FE55D /* addbook.png */,
				8948F4E01CA0AF3C00F0082E /* book_00b300.png */,
				8948F4E11CA0AF3C00F0082E /* book_00ffff.png */,
				8948F4E21CA0AF3C00F0082E /* book_0041BF.png */,
				8948F4E31CA0AF3C00F0082E /* book_ff1a1a.png */,
				8948F4E41CA0AF3C00F0082E /* book_ff9900.png */,
				8948F4E51CA0AF3C00F0082E /* book_ffff00.png */,
				89606B4D1C970688009743D3 /* Icons.xcassets */,
				5B5B17E11C9610EC00FF9106 /* Camera.png */,
				B2B337581C7CDD8E00C663A4 /* CoverPhotos.xcassets */,
				8970B12F1C7CCCBB005A69F0 /* default.jpg */,
				5B14CCA61C7A997C00B8FA0B /* file-folder-md.png */,
				5B14CCA01C7A7B9900B8FA0B /* red-book-hi.png */,
				5B14CCAC1C7BDBDB00B8FA0B /* red-book-open.png */,
			);
			name = Images;
			sourceTree = "<group>";
		};
		89E9F54B1C7B643000C812F2 /* AlbumSelect */ = {
			isa = PBXGroup;
			children = (
				89E9F5481C7B639A00C812F2 /* CameraRollCollectionViewCell.swift */,
				89606B511C985BC1009743D3 /* CameraRollViewController.swift */,
				894CC30D1C7A77AE0004BD8B /* CameraRollCollectionViewController.swift */,
				89F2C1A11CBC89C6008FE55D /* CameraRollHeader.swift */,
			);
			name = AlbumSelect;
			sourceTree = "<group>";
		};
		B262EAB91C761C8A001008AD = {
			isa = PBXGroup;
			children = (
				B272D69A1C7D1C4400C12226 /* libsqlite3.tbd */,
				B262EAC41C761C8A001008AD /* MyStorybook */,
				B262EAD91C761C8A001008AD /* MyStorybookTests */,
				B262EAE41C761C8A001008AD /* MyStorybookUITests */,
				B262EAC31C761C8A001008AD /* Products */,
			);
			sourceTree = "<group>";
		};
		B262EAC31C761C8A001008AD /* Products */ = {
			isa = PBXGroup;
			children = (
				B262EAC21C761C8A001008AD /* MyStorybook.app */,
				B262EAD61C761C8A001008AD /* MyStorybookTests.xctest */,
				B262EAE11C761C8A001008AD /* MyStorybookUITests.xctest */,
			);
			name = Products;
			sourceTree = "<group>";
		};
		B262EAC41C761C8A001008AD /* MyStorybook */ = {
			isa = PBXGroup;
			children = (
				B2B3375D1C7CF79C00C663A4 /* Extensions */,
				B2B3375C1C7CEED700C663A4 /* PhotoSelect */,
				5BE6EBCC1C9A2E5700CBE7BC /* StoryEdit */,
				890869091C7C05520099C92E /* CameraControl */,
				89E9F54B1C7B643000C812F2 /* AlbumSelect */,
				89E9F54A1C7B641200C812F2 /* Images */,
				B2E93F5D1C7A77EB00A5C80E /* ViewControllers */,
				B2BA3C541C761D6500D7342D /* Classes */,
				B2BA3C531C761D5000D7342D /* Protocols */,
				549A9C641C7A8BEF00F27ED0 /* Third Party */,
				B262EAC51C761C8A001008AD /* AppDelegate.swift */,
				B262EAC91C761C8A001008AD /* Main.storyboard */,
				5B5B17DF1C960C4600FF9106 /* CameraCollectionViewCell.swift */,
				5B5B17DD1C96052700FF9106 /* AddCollectionViewCell.swift */,
				5B14CC9E1C7A790600B8FA0B /* BookshelfCollectionViewController.swift */,
				8948F4EE1CA0B8C600F0082E /* BookshelfViewController.swift */,
				5B14CC9C1C7A77CD00B8FA0B /* BookshelfCollectionViewCell.swift */,
				B262EACC1C761C8A001008AD /* Assets.xcassets */,
				B262EACE1C761C8A001008AD /* LaunchScreen.storyboard */,
				B262EAD11C761C8A001008AD /* Info.plist */,
				B2E93F601C7A785300A5C80E /* StoryViewer.storyboard */,
				B2FA517D1CA08BBC00EBA397 /* Sharing.storyboard */,
				B202C2A51CA0A847008615A4 /* EmailFavoriteCollectionViewCell.swift */,
				B23766861CBB5DD3004D5BFB /* PageRenderer.swift */,
			);
			path = MyStorybook;
			sourceTree = "<group>";
		};
		B262EAD91C761C8A001008AD /* MyStorybookTests */ = {
			isa = PBXGroup;
			children = (
				B262EADA1C761C8A001008AD /* MyStorybookTests.swift */,
				B262EADC1C761C8A001008AD /* Info.plist */,
			);
			path = MyStorybookTests;
			sourceTree = "<group>";
		};
		B262EAE41C761C8A001008AD /* MyStorybookUITests */ = {
			isa = PBXGroup;
			children = (
				B262EAE51C761C8A001008AD /* MyStorybookUITests.swift */,
				B262EAE71C761C8A001008AD /* Info.plist */,
			);
			path = MyStorybookUITests;
			sourceTree = "<group>";
		};
		B2B3375C1C7CEED700C663A4 /* PhotoSelect */ = {
			isa = PBXGroup;
			children = (
				89606B531C986197009743D3 /* PhotoSelectCollectionViewController.swift */,
				89606B551C98629B009743D3 /* PhotoCell.swift */,
				89C8FCCE1C99FB4B00534CF6 /* PhotoSelectViewController.swift */,
			);
			name = PhotoSelect;
			sourceTree = "<group>";
		};
		B2B3375D1C7CF79C00C663A4 /* Extensions */ = {
			isa = PBXGroup;
			children = (
				B2B3375F1C7CF7B700C663A4 /* ViewExtensions.swift */,
				B2522CF21C9268A40013E55C /* UIPageViewControllerExtensions.swift */,
			);
			name = Extensions;
			sourceTree = "<group>";
		};
		B2BA3C531C761D5000D7342D /* Protocols */ = {
			isa = PBXGroup;
			children = (
				B2BA3C551C761ECA00D7342D /* Database.swift */,
			);
			path = Protocols;
			sourceTree = "<group>";
		};
		B2BA3C541C761D6500D7342D /* Classes */ = {
			isa = PBXGroup;
			children = (
				895FE84D1C7BC8C0006ADB29 /* PreStory.swift */,
				B2BA3C571C761EEC00D7342D /* Page.swift */,
				8948F4DE1CA0867700F0082E /* emoji.swift */,
				B2BA3C591C761F3E00D7342D /* Story.swift */,
				B2BA3C5B1C76215200D7342D /* App.swift */,
				B2BA3C5D1C76219A00D7342D /* DumbMockDatabase.swift */,
				B2B337611C7CF87E00C663A4 /* CoverPhotos.swift */,
				54F2D3051C7D1A2E008D4094 /* MyStorybookDatabase.swift */,
				B202C2A71CA0B23A008615A4 /* MailComposer.swift */,
			);
			path = Classes;
			sourceTree = "<group>";
		};
		B2E93F5D1C7A77EB00A5C80E /* ViewControllers */ = {
			isa = PBXGroup;
			children = (
				B2E93F5E1C7A782B00A5C80E /* StoryViewerViewController.swift */,
				B2522CEE1C9268190013E55C /* StoryViewerCoverViewController.swift */,
				B2522CF01C92685F0013E55C /* StoryViewerPhotoPageViewController.swift */,
				B2FA517F1CA08C3700EBA397 /* EmailFavoritesViewController.swift */,
			);
			name = ViewControllers;
			sourceTree = "<group>";
		};
/* End PBXGroup section */

/* Begin PBXNativeTarget section */
		B262EAC11C761C8A001008AD /* MyStorybook */ = {
			isa = PBXNativeTarget;
			buildConfigurationList = B262EAEA1C761C8A001008AD /* Build configuration list for PBXNativeTarget "MyStorybook" */;
			buildPhases = (
				B262EABE1C761C8A001008AD /* Sources */,
				B262EABF1C761C8A001008AD /* Frameworks */,
				B262EAC01C761C8A001008AD /* Resources */,
			);
			buildRules = (
			);
			dependencies = (
			);
			name = MyStorybook;
			productName = MyStorybook;
			productReference = B262EAC21C761C8A001008AD /* MyStorybook.app */;
			productType = "com.apple.product-type.application";
		};
		B262EAD51C761C8A001008AD /* MyStorybookTests */ = {
			isa = PBXNativeTarget;
			buildConfigurationList = B262EAED1C761C8A001008AD /* Build configuration list for PBXNativeTarget "MyStorybookTests" */;
			buildPhases = (
				B262EAD21C761C8A001008AD /* Sources */,
				B262EAD31C761C8A001008AD /* Frameworks */,
				B262EAD41C761C8A001008AD /* Resources */,
			);
			buildRules = (
			);
			dependencies = (
				B262EAD81C761C8A001008AD /* PBXTargetDependency */,
			);
			name = MyStorybookTests;
			productName = MyStorybookTests;
			productReference = B262EAD61C761C8A001008AD /* MyStorybookTests.xctest */;
			productType = "com.apple.product-type.bundle.unit-test";
		};
		B262EAE01C761C8A001008AD /* MyStorybookUITests */ = {
			isa = PBXNativeTarget;
			buildConfigurationList = B262EAF01C761C8A001008AD /* Build configuration list for PBXNativeTarget "MyStorybookUITests" */;
			buildPhases = (
				B262EADD1C761C8A001008AD /* Sources */,
				B262EADE1C761C8A001008AD /* Frameworks */,
				B262EADF1C761C8A001008AD /* Resources */,
			);
			buildRules = (
			);
			dependencies = (
				B262EAE31C761C8A001008AD /* PBXTargetDependency */,
			);
			name = MyStorybookUITests;
			productName = MyStorybookUITests;
			productReference = B262EAE11C761C8A001008AD /* MyStorybookUITests.xctest */;
			productType = "com.apple.product-type.bundle.ui-testing";
		};
/* End PBXNativeTarget section */

/* Begin PBXProject section */
		B262EABA1C761C8A001008AD /* Project object */ = {
			isa = PBXProject;
			attributes = {
				LastSwiftUpdateCheck = 0720;
				LastUpgradeCheck = 0720;
				ORGANIZATIONNAME = "The My Storybook Team";
				TargetAttributes = {
					B262EAC11C761C8A001008AD = {
						CreatedOnToolsVersion = 7.2;
					};
					B262EAD51C761C8A001008AD = {
						CreatedOnToolsVersion = 7.2;
						TestTargetID = B262EAC11C761C8A001008AD;
					};
					B262EAE01C761C8A001008AD = {
						CreatedOnToolsVersion = 7.2;
						TestTargetID = B262EAC11C761C8A001008AD;
					};
				};
			};
			buildConfigurationList = B262EABD1C761C8A001008AD /* Build configuration list for PBXProject "MyStorybook" */;
			compatibilityVersion = "Xcode 3.2";
			developmentRegion = English;
			hasScannedForEncodings = 0;
			knownRegions = (
				en,
				Base,
			);
			mainGroup = B262EAB91C761C8A001008AD;
			productRefGroup = B262EAC31C761C8A001008AD /* Products */;
			projectDirPath = "";
			projectRoot = "";
			targets = (
				B262EAC11C761C8A001008AD /* MyStorybook */,
				B262EAD51C761C8A001008AD /* MyStorybookTests */,
				B262EAE01C761C8A001008AD /* MyStorybookUITests */,
			);
		};
/* End PBXProject section */

/* Begin PBXResourcesBuildPhase section */
		B262EAC01C761C8A001008AD /* Resources */ = {
			isa = PBXResourcesBuildPhase;
			buildActionMask = 2147483647;
			files = (
				B262EAD01C761C8A001008AD /* LaunchScreen.storyboard in Resources */,
				B262EACD1C761C8A001008AD /* Assets.xcassets in Resources */,
				5B5B17E21C9610EC00FF9106 /* Camera.png in Resources */,
				B2B337591C7CDD8E00C663A4 /* CoverPhotos.xcassets in Resources */,
				5B14CCAD1C7BDBDB00B8FA0B /* red-book-open.png in Resources */,
				8948F4E81CA0AF3C00F0082E /* book_0041BF.png in Resources */,
				5B14CCA71C7A997C00B8FA0B /* file-folder-md.png in Resources */,
				B262EACB1C761C8A001008AD /* Main.storyboard in Resources */,
				5B14CCA11C7A7B9900B8FA0B /* red-book-hi.png in Resources */,
				B2E93F611C7A785300A5C80E /* StoryViewer.storyboard in Resources */,
				8948F4EA1CA0AF3C00F0082E /* book_ff9900.png in Resources */,
				B2FA517E1CA08BBC00EBA397 /* Sharing.storyboard in Resources */,
				8970B1301C7CCCBB005A69F0 /* default.jpg in Resources */,
				8948F4E91CA0AF3C00F0082E /* book_ff1a1a.png in Resources */,
				89606B4E1C970688009743D3 /* Icons.xcassets in Resources */,
				8948F4E71CA0AF3C00F0082E /* book_00ffff.png in Resources */,
				8948F4EB1CA0AF3C00F0082E /* book_ffff00.png in Resources */,
				89F2C1AA1CBD5296008FE55D /* addbook.png in Resources */,
				8948F4E61CA0AF3C00F0082E /* book_00b300.png in Resources */,
			);
			runOnlyForDeploymentPostprocessing = 0;
		};
		B262EAD41C761C8A001008AD /* Resources */ = {
			isa = PBXResourcesBuildPhase;
			buildActionMask = 2147483647;
			files = (
			);
			runOnlyForDeploymentPostprocessing = 0;
		};
		B262EADF1C761C8A001008AD /* Resources */ = {
			isa = PBXResourcesBuildPhase;
			buildActionMask = 2147483647;
			files = (
			);
			runOnlyForDeploymentPostprocessing = 0;
		};
/* End PBXResourcesBuildPhase section */

/* Begin PBXSourcesBuildPhase section */
		B262EABE1C761C8A001008AD /* Sources */ = {
			isa = PBXSourcesBuildPhase;
			buildActionMask = 2147483647;
			files = (
				B2B337601C7CF7B700C663A4 /* ViewExtensions.swift in Sources */,
				B2522CF31C9268A40013E55C /* UIPageViewControllerExtensions.swift in Sources */,
				89606B541C986197009743D3 /* PhotoSelectCollectionViewController.swift in Sources */,
				895FE84B1C7B83CB006ADB29 /* CameraRollCollectionViewController.swift in Sources */,
				8948F4DF1CA0867700F0082E /* emoji.swift in Sources */,
				895FE84A1C7B83C8006ADB29 /* CameraRollCollectionViewCell.swift in Sources */,
				B272D6991C7D1C3600C12226 /* FMDatabasePool.m in Sources */,
				B272D6961C7D1C0D00C12226 /* FMResultSet.m in Sources */,
				8948F4EF1CA0B8C600F0082E /* BookshelfViewController.swift in Sources */,
				5B14CC9D1C7A77CD00B8FA0B /* BookshelfCollectionViewCell.swift in Sources */,
				B23766871CBB5DD3004D5BFB /* PageRenderer.swift in Sources */,
				B2BA3C561C761ECA00D7342D /* Database.swift in Sources */,
				5B29FBFD1C9CA91A0042C64C /* EditFrameCollectionViewCell.swift in Sources */,
				B2BA3C5E1C76219A00D7342D /* DumbMockDatabase.swift in Sources */,
				B2B337621C7CF87E00C663A4 /* CoverPhotos.swift in Sources */,
				54F2D3061C7D1A2E008D4094 /* MyStorybookDatabase.swift in Sources */,
				894CC3121C7A7FC40004BD8B /* HttpHelpers.swift in Sources */,
				5B29FBF71C9CA6D60042C64C /* EditFrameViewController.swift in Sources */,
				5B29FBFF1C9CA92D0042C64C /* EditFilterCollectionViewCell.swift in Sources */,
				B272D6951C7D1C0800C12226 /* FMDatabase.m in Sources */,
				B2522CF11C92685F0013E55C /* StoryViewerPhotoPageViewController.swift in Sources */,
				B2522CEF1C9268190013E55C /* StoryViewerCoverViewController.swift in Sources */,
				5B14CC9F1C7A790600B8FA0B /* BookshelfCollectionViewController.swift in Sources */,
				5BE6EBCE1C9A32DD00CBE7BC /* EditViewController.swift in Sources */,
				B2BA3C581C761EEC00D7342D /* Page.swift in Sources */,
				5BF4D2BB1C977FEA008080A3 /* EditCollectionViewCell.swift in Sources */,
				5B5B17DE1C96052700FF9106 /* AddCollectionViewCell.swift in Sources */,
				B2E93F5F1C7A782B00A5C80E /* StoryViewerViewController.swift in Sources */,
				B2BA3C5C1C76215200D7342D /* App.swift in Sources */,
				5BE6EBD01C9A704000CBE7BC /* EditSelectViewController.swift in Sources */,
				B272D6981C7D1C3200C12226 /* FMDatabaseAdditions.m in Sources */,
				8908690B1C7C056B0099C92E /* CameraControlViewController.swift in Sources */,
				895FE84E1C7BC8C0006ADB29 /* PreStory.swift in Sources */,
				89606B561C98629B009743D3 /* PhotoCell.swift in Sources */,
				5B29FBF91C9CA6E90042C64C /* EditFilterViewController.swift in Sources */,
				B262EAC61C761C8A001008AD /* AppDelegate.swift in Sources */,
				89606B521C985BC1009743D3 /* CameraRollViewController.swift in Sources */,
				89E9F5471C7AA97D00C812F2 /* SwiftyJSON.swift in Sources */,
				B2BA3C5A1C761F3E00D7342D /* Story.swift in Sources */,
				B202C2A81CA0B23A008615A4 /* MailComposer.swift in Sources */,
				5B5B17E01C960C4600FF9106 /* CameraCollectionViewCell.swift in Sources */,
				B2FA51801CA08C3700EBA397 /* EmailFavoritesViewController.swift in Sources */,
				5B29FBFB1C9CA9030042C64C /* EditEmojiCollectionViewCell.swift in Sources */,
				5B29FBF51C9CA6B40042C64C /* EditEmojiViewController.swift in Sources */,
				89F2C1A21CBC89C6008FE55D /* CameraRollHeader.swift in Sources */,
				B272D6971C7D1C1000C12226 /* FMDatabaseQueue.m in Sources */,
				89C8FCCF1C99FB4B00534CF6 /* PhotoSelectViewController.swift in Sources */,
				B202C2A61CA0A847008615A4 /* EmailFavoriteCollectionViewCell.swift in Sources */,
			);
			runOnlyForDeploymentPostprocessing = 0;
		};
		B262EAD21C761C8A001008AD /* Sources */ = {
			isa = PBXSourcesBuildPhase;
			buildActionMask = 2147483647;
			files = (
				B262EADB1C761C8A001008AD /* MyStorybookTests.swift in Sources */,
			);
			runOnlyForDeploymentPostprocessing = 0;
		};
		B262EADD1C761C8A001008AD /* Sources */ = {
			isa = PBXSourcesBuildPhase;
			buildActionMask = 2147483647;
			files = (
				B262EAE61C761C8A001008AD /* MyStorybookUITests.swift in Sources */,
			);
			runOnlyForDeploymentPostprocessing = 0;
		};
/* End PBXSourcesBuildPhase section */

/* Begin PBXTargetDependency section */
		B262EAD81C761C8A001008AD /* PBXTargetDependency */ = {
			isa = PBXTargetDependency;
			target = B262EAC11C761C8A001008AD /* MyStorybook */;
			targetProxy = B262EAD71C761C8A001008AD /* PBXContainerItemProxy */;
		};
		B262EAE31C761C8A001008AD /* PBXTargetDependency */ = {
			isa = PBXTargetDependency;
			target = B262EAC11C761C8A001008AD /* MyStorybook */;
			targetProxy = B262EAE21C761C8A001008AD /* PBXContainerItemProxy */;
		};
/* End PBXTargetDependency section */

/* Begin PBXVariantGroup section */
		B262EAC91C761C8A001008AD /* Main.storyboard */ = {
			isa = PBXVariantGroup;
			children = (
				B262EACA1C761C8A001008AD /* Base */,
			);
			name = Main.storyboard;
			sourceTree = "<group>";
		};
		B262EACE1C761C8A001008AD /* LaunchScreen.storyboard */ = {
			isa = PBXVariantGroup;
			children = (
				B262EACF1C761C8A001008AD /* Base */,
			);
			name = LaunchScreen.storyboard;
			sourceTree = "<group>";
		};
/* End PBXVariantGroup section */

/* Begin XCBuildConfiguration section */
		B262EAE81C761C8A001008AD /* Debug */ = {
			isa = XCBuildConfiguration;
			buildSettings = {
				ALWAYS_SEARCH_USER_PATHS = NO;
				CLANG_CXX_LANGUAGE_STANDARD = "gnu++0x";
				CLANG_CXX_LIBRARY = "libc++";
				CLANG_ENABLE_MODULES = YES;
				CLANG_ENABLE_OBJC_ARC = YES;
				CLANG_WARN_BOOL_CONVERSION = YES;
				CLANG_WARN_CONSTANT_CONVERSION = YES;
				CLANG_WARN_DIRECT_OBJC_ISA_USAGE = YES_ERROR;
				CLANG_WARN_EMPTY_BODY = YES;
				CLANG_WARN_ENUM_CONVERSION = YES;
				CLANG_WARN_INT_CONVERSION = YES;
				CLANG_WARN_OBJC_ROOT_CLASS = YES_ERROR;
				CLANG_WARN_UNREACHABLE_CODE = YES;
				CLANG_WARN__DUPLICATE_METHOD_MATCH = YES;
				"CODE_SIGN_IDENTITY[sdk=iphoneos*]" = "iPhone Developer";
				COPY_PHASE_STRIP = NO;
				DEBUG_INFORMATION_FORMAT = dwarf;
				ENABLE_STRICT_OBJC_MSGSEND = YES;
				ENABLE_TESTABILITY = YES;
				GCC_C_LANGUAGE_STANDARD = gnu99;
				GCC_DYNAMIC_NO_PIC = NO;
				GCC_NO_COMMON_BLOCKS = YES;
				GCC_OPTIMIZATION_LEVEL = 0;
				GCC_PREPROCESSOR_DEFINITIONS = (
					"DEBUG=1",
					"$(inherited)",
				);
				GCC_WARN_64_TO_32_BIT_CONVERSION = YES;
				GCC_WARN_ABOUT_RETURN_TYPE = YES_ERROR;
				GCC_WARN_UNDECLARED_SELECTOR = YES;
				GCC_WARN_UNINITIALIZED_AUTOS = YES_AGGRESSIVE;
				GCC_WARN_UNUSED_FUNCTION = YES;
				GCC_WARN_UNUSED_VARIABLE = YES;
				IPHONEOS_DEPLOYMENT_TARGET = 9.2;
				MTL_ENABLE_DEBUG_INFO = YES;
				ONLY_ACTIVE_ARCH = YES;
				SDKROOT = iphoneos;
				SWIFT_OPTIMIZATION_LEVEL = "-Onone";
				TARGETED_DEVICE_FAMILY = 2;
			};
			name = Debug;
		};
		B262EAE91C761C8A001008AD /* Release */ = {
			isa = XCBuildConfiguration;
			buildSettings = {
				ALWAYS_SEARCH_USER_PATHS = NO;
				CLANG_CXX_LANGUAGE_STANDARD = "gnu++0x";
				CLANG_CXX_LIBRARY = "libc++";
				CLANG_ENABLE_MODULES = YES;
				CLANG_ENABLE_OBJC_ARC = YES;
				CLANG_WARN_BOOL_CONVERSION = YES;
				CLANG_WARN_CONSTANT_CONVERSION = YES;
				CLANG_WARN_DIRECT_OBJC_ISA_USAGE = YES_ERROR;
				CLANG_WARN_EMPTY_BODY = YES;
				CLANG_WARN_ENUM_CONVERSION = YES;
				CLANG_WARN_INT_CONVERSION = YES;
				CLANG_WARN_OBJC_ROOT_CLASS = YES_ERROR;
				CLANG_WARN_UNREACHABLE_CODE = YES;
				CLANG_WARN__DUPLICATE_METHOD_MATCH = YES;
				"CODE_SIGN_IDENTITY[sdk=iphoneos*]" = "iPhone Developer";
				COPY_PHASE_STRIP = NO;
				DEBUG_INFORMATION_FORMAT = "dwarf-with-dsym";
				ENABLE_NS_ASSERTIONS = NO;
				ENABLE_STRICT_OBJC_MSGSEND = YES;
				GCC_C_LANGUAGE_STANDARD = gnu99;
				GCC_NO_COMMON_BLOCKS = YES;
				GCC_WARN_64_TO_32_BIT_CONVERSION = YES;
				GCC_WARN_ABOUT_RETURN_TYPE = YES_ERROR;
				GCC_WARN_UNDECLARED_SELECTOR = YES;
				GCC_WARN_UNINITIALIZED_AUTOS = YES_AGGRESSIVE;
				GCC_WARN_UNUSED_FUNCTION = YES;
				GCC_WARN_UNUSED_VARIABLE = YES;
				IPHONEOS_DEPLOYMENT_TARGET = 9.2;
				MTL_ENABLE_DEBUG_INFO = NO;
				SDKROOT = iphoneos;
				TARGETED_DEVICE_FAMILY = 2;
				VALIDATE_PRODUCT = YES;
			};
			name = Release;
		};
		B262EAEB1C761C8A001008AD /* Debug */ = {
			isa = XCBuildConfiguration;
			buildSettings = {
				ASSETCATALOG_COMPILER_APPICON_NAME = "AppIcon-1";
				CLANG_ENABLE_MODULES = YES;
				INFOPLIST_FILE = MyStorybook/Info.plist;
				IPHONEOS_DEPLOYMENT_TARGET = 9.0;
				LD_RUNPATH_SEARCH_PATHS = "$(inherited) @executable_path/Frameworks";
				PRODUCT_BUNDLE_IDENTIFIER = edu.umich.eecs481.w16.MyStorybook;
				PRODUCT_NAME = "$(TARGET_NAME)";
				SWIFT_OBJC_BRIDGING_HEADER = "MyStorybook-Bridging-Header.h";
				SWIFT_OPTIMIZATION_LEVEL = "-Onone";
			};
			name = Debug;
		};
		B262EAEC1C761C8A001008AD /* Release */ = {
			isa = XCBuildConfiguration;
			buildSettings = {
				ASSETCATALOG_COMPILER_APPICON_NAME = "AppIcon-1";
				CLANG_ENABLE_MODULES = YES;
				INFOPLIST_FILE = MyStorybook/Info.plist;
				IPHONEOS_DEPLOYMENT_TARGET = 9.0;
				LD_RUNPATH_SEARCH_PATHS = "$(inherited) @executable_path/Frameworks";
				PRODUCT_BUNDLE_IDENTIFIER = edu.umich.eecs481.w16.MyStorybook;
				PRODUCT_NAME = "$(TARGET_NAME)";
				SWIFT_OBJC_BRIDGING_HEADER = "MyStorybook-Bridging-Header.h";
			};
			name = Release;
		};
		B262EAEE1C761C8A001008AD /* Debug */ = {
			isa = XCBuildConfiguration;
			buildSettings = {
				BUNDLE_LOADER = "$(TEST_HOST)";
				INFOPLIST_FILE = MyStorybookTests/Info.plist;
				LD_RUNPATH_SEARCH_PATHS = "$(inherited) @executable_path/Frameworks @loader_path/Frameworks";
				PRODUCT_BUNDLE_IDENTIFIER = edu.umich.eecs481.w16.MyStorybookTests;
				PRODUCT_NAME = "$(TARGET_NAME)";
				TEST_HOST = "$(BUILT_PRODUCTS_DIR)/MyStorybook.app/MyStorybook";
			};
			name = Debug;
		};
		B262EAEF1C761C8A001008AD /* Release */ = {
			isa = XCBuildConfiguration;
			buildSettings = {
				BUNDLE_LOADER = "$(TEST_HOST)";
				INFOPLIST_FILE = MyStorybookTests/Info.plist;
				LD_RUNPATH_SEARCH_PATHS = "$(inherited) @executable_path/Frameworks @loader_path/Frameworks";
				PRODUCT_BUNDLE_IDENTIFIER = edu.umich.eecs481.w16.MyStorybookTests;
				PRODUCT_NAME = "$(TARGET_NAME)";
				TEST_HOST = "$(BUILT_PRODUCTS_DIR)/MyStorybook.app/MyStorybook";
			};
			name = Release;
		};
		B262EAF11C761C8A001008AD /* Debug */ = {
			isa = XCBuildConfiguration;
			buildSettings = {
				INFOPLIST_FILE = MyStorybookUITests/Info.plist;
				LD_RUNPATH_SEARCH_PATHS = "$(inherited) @executable_path/Frameworks @loader_path/Frameworks";
				PRODUCT_BUNDLE_IDENTIFIER = edu.umich.eecs481.w16.MyStorybookUITests;
				PRODUCT_NAME = "$(TARGET_NAME)";
				TEST_TARGET_NAME = MyStorybook;
				USES_XCTRUNNER = YES;
			};
			name = Debug;
		};
		B262EAF21C761C8A001008AD /* Release */ = {
			isa = XCBuildConfiguration;
			buildSettings = {
				INFOPLIST_FILE = MyStorybookUITests/Info.plist;
				LD_RUNPATH_SEARCH_PATHS = "$(inherited) @executable_path/Frameworks @loader_path/Frameworks";
				PRODUCT_BUNDLE_IDENTIFIER = edu.umich.eecs481.w16.MyStorybookUITests;
				PRODUCT_NAME = "$(TARGET_NAME)";
				TEST_TARGET_NAME = MyStorybook;
				USES_XCTRUNNER = YES;
			};
			name = Release;
		};
/* End XCBuildConfiguration section */

/* Begin XCConfigurationList section */
		B262EABD1C761C8A001008AD /* Build configuration list for PBXProject "MyStorybook" */ = {
			isa = XCConfigurationList;
			buildConfigurations = (
				B262EAE81C761C8A001008AD /* Debug */,
				B262EAE91C761C8A001008AD /* Release */,
			);
			defaultConfigurationIsVisible = 0;
			defaultConfigurationName = Release;
		};
		B262EAEA1C761C8A001008AD /* Build configuration list for PBXNativeTarget "MyStorybook" */ = {
			isa = XCConfigurationList;
			buildConfigurations = (
				B262EAEB1C761C8A001008AD /* Debug */,
				B262EAEC1C761C8A001008AD /* Release */,
			);
			defaultConfigurationIsVisible = 0;
			defaultConfigurationName = Release;
		};
		B262EAED1C761C8A001008AD /* Build configuration list for PBXNativeTarget "MyStorybookTests" */ = {
			isa = XCConfigurationList;
			buildConfigurations = (
				B262EAEE1C761C8A001008AD /* Debug */,
				B262EAEF1C761C8A001008AD /* Release */,
			);
			defaultConfigurationIsVisible = 0;
			defaultConfigurationName = Release;
		};
		B262EAF01C761C8A001008AD /* Build configuration list for PBXNativeTarget "MyStorybookUITests" */ = {
			isa = XCConfigurationList;
			buildConfigurations = (
				B262EAF11C761C8A001008AD /* Debug */,
				B262EAF21C761C8A001008AD /* Release */,
			);
			defaultConfigurationIsVisible = 0;
			defaultConfigurationName = Release;
		};
/* End XCConfigurationList section */
	};
	rootObject = B262EABA1C761C8A001008AD /* Project object */;
}
